// !$*UTF8*$!
{
	archiveVersion = 1;
	classes = {
	};
	objectVersion = 56;
	objects = {

/* Begin PBXBuildFile section */
		7D6DA80D28E0715200D88732 /* main.swift in Sources */ = {isa = PBXBuildFile; fileRef = 7D6DA80C28E0715200D88732 /* main.swift */; };
		7D6DA81D28E0716A00D88732 /* 1. 3个线程顺序打印0-100.swift in Sources */ = {isa = PBXBuildFile; fileRef = 7D6DA81328E0716A00D88732 /* 1. 3个线程顺序打印0-100.swift */; };
		7D6DA81E28E0716A00D88732 /* 3. 生产者消费者模型.swift in Sources */ = {isa = PBXBuildFile; fileRef = 7D6DA81428E0716A00D88732 /* 3. 生产者消费者模型.swift */; };
		7D6DA81F28E0716A00D88732 /* RWLockByCond.swift in Sources */ = {isa = PBXBuildFile; fileRef = 7D6DA81628E0716A00D88732 /* RWLockByCond.swift */; };
		7D6DA82028E0716A00D88732 /* RWLockByTwoLocks.swift in Sources */ = {isa = PBXBuildFile; fileRef = 7D6DA81728E0716A00D88732 /* RWLockByTwoLocks.swift */; };
		7D6DA82128E0716A00D88732 /* PublicStruct.swift in Sources */ = {isa = PBXBuildFile; fileRef = 7D6DA81828E0716A00D88732 /* PublicStruct.swift */; };
		7D6DA82228E0716A00D88732 /* RWLockByBarrier.swift in Sources */ = {isa = PBXBuildFile; fileRef = 7D6DA81928E0716A00D88732 /* RWLockByBarrier.swift */; };
		7D6DA82328E0716A00D88732 /* RWLockBySemphore.swift in Sources */ = {isa = PBXBuildFile; fileRef = 7D6DA81A28E0716A00D88732 /* RWLockBySemphore.swift */; };
		7D6DA82428E0716A00D88732 /* 2. 启动三个线程A，B，C，打印10次 按照ABC的顺序输出.swift in Sources */ = {isa = PBXBuildFile; fileRef = 7D6DA81B28E0716A00D88732 /* 2. 启动三个线程A，B，C，打印10次 按照ABC的顺序输出.swift */; };
		7D6DA82528E0716A00D88732 /* 4. GCD用法和区别.swift in Sources */ = {isa = PBXBuildFile; fileRef = 7D6DA81C28E0716A00D88732 /* 4. GCD用法和区别.swift */; };
/* End PBXBuildFile section */

/* Begin PBXCopyFilesBuildPhase section */
		7D6DA80728E0715200D88732 /* CopyFiles */ = {
			isa = PBXCopyFilesBuildPhase;
			buildActionMask = 2147483647;
			dstPath = /usr/share/man/man1/;
			dstSubfolderSpec = 0;
			files = (
			);
			runOnlyForDeploymentPostprocessing = 1;
		};
/* End PBXCopyFilesBuildPhase section */

/* Begin PBXFileReference section */
		7D6DA80928E0715200D88732 /* ThredLockInterviewQA */ = {isa = PBXFileReference; explicitFileType = "compiled.mach-o.executable"; includeInIndex = 0; path = ThredLockInterviewQA; sourceTree = BUILT_PRODUCTS_DIR; };
		7D6DA80C28E0715200D88732 /* main.swift */ = {isa = PBXFileReference; lastKnownFileType = sourcecode.swift; path = main.swift; sourceTree = "<group>"; };
		7D6DA81328E0716A00D88732 /* 1. 3个线程顺序打印0-100.swift */ = {isa = PBXFileReference; fileEncoding = 4; lastKnownFileType = sourcecode.swift; path = "1. 3个线程顺序打印0-100.swift"; sourceTree = "<group>"; };
		7D6DA81428E0716A00D88732 /* 3. 生产者消费者模型.swift */ = {isa = PBXFileReference; fileEncoding = 4; lastKnownFileType = sourcecode.swift; path = "3. 生产者消费者模型.swift"; sourceTree = "<group>"; };
		7D6DA81628E0716A00D88732 /* RWLockByCond.swift */ = {isa = PBXFileReference; fileEncoding = 4; lastKnownFileType = sourcecode.swift; path = RWLockByCond.swift; sourceTree = "<group>"; };
		7D6DA81728E0716A00D88732 /* RWLockByTwoLocks.swift */ = {isa = PBXFileReference; fileEncoding = 4; lastKnownFileType = sourcecode.swift; path = RWLockByTwoLocks.swift; sourceTree = "<group>"; };
		7D6DA81828E0716A00D88732 /* PublicStruct.swift */ = {isa = PBXFileReference; fileEncoding = 4; lastKnownFileType = sourcecode.swift; path = PublicStruct.swift; sourceTree = "<group>"; };
		7D6DA81928E0716A00D88732 /* RWLockByBarrier.swift */ = {isa = PBXFileReference; fileEncoding = 4; lastKnownFileType = sourcecode.swift; path = RWLockByBarrier.swift; sourceTree = "<group>"; };
		7D6DA81A28E0716A00D88732 /* RWLockBySemphore.swift */ = {isa = PBXFileReference; fileEncoding = 4; lastKnownFileType = sourcecode.swift; path = RWLockBySemphore.swift; sourceTree = "<group>"; };
		7D6DA81B28E0716A00D88732 /* 2. 启动三个线程A，B，C，打印10次 按照ABC的顺序输出.swift */ = {isa = PBXFileReference; fileEncoding = 4; lastKnownFileType = sourcecode.swift; path = "2. 启动三个线程A，B，C，打印10次 按照ABC的顺序输出.swift"; sourceTree = "<group>"; };
		7D6DA81C28E0716A00D88732 /* 4. GCD用法和区别.swift */ = {isa = PBXFileReference; fileEncoding = 4; lastKnownFileType = sourcecode.swift; path = "4. GCD用法和区别.swift"; sourceTree = "<group>"; };
/* End PBXFileReference section */

/* Begin PBXFrameworksBuildPhase section */
		7D6DA80628E0715200D88732 /* Frameworks */ = {
			isa = PBXFrameworksBuildPhase;
			buildActionMask = 2147483647;
			files = (
			);
			runOnlyForDeploymentPostprocessing = 0;
		};
/* End PBXFrameworksBuildPhase section */

/* Begin PBXGroup section */
		7D6DA80028E0715200D88732 = {
			isa = PBXGroup;
			children = (
				7D6DA80B28E0715200D88732 /* ThredLockInterviewQA */,
				7D6DA80A28E0715200D88732 /* Products */,
			);
			sourceTree = "<group>";
		};
		7D6DA80A28E0715200D88732 /* Products */ = {
			isa = PBXGroup;
			children = (
				7D6DA80928E0715200D88732 /* ThredLockInterviewQA */,
			);
			name = Products;
			sourceTree = "<group>";
		};
		7D6DA80B28E0715200D88732 /* ThredLockInterviewQA */ = {
			isa = PBXGroup;
			children = (
				7D6DA81328E0716A00D88732 /* 1. 3个线程顺序打印0-100.swift */,
				7D6DA81B28E0716A00D88732 /* 2. 启动三个线程A，B，C，打印10次 按照ABC的顺序输出.swift */,
				7D6DA81428E0716A00D88732 /* 3. 生产者消费者模型.swift */,
				7D6DA81C28E0716A00D88732 /* 4. GCD用法和区别.swift */,
				7D6DA81528E0716A00D88732 /* 读写锁 */,
				7D6DA80C28E0715200D88732 /* main.swift */,
			);
			path = ThredLockInterviewQA;
			sourceTree = "<group>";
		};
		7D6DA81528E0716A00D88732 /* 读写锁 */ = {
			isa = PBXGroup;
			children = (
				7D6DA81828E0716A00D88732 /* PublicStruct.swift */,
				7D6DA81628E0716A00D88732 /* RWLockByCond.swift */,
				7D6DA81728E0716A00D88732 /* RWLockByTwoLocks.swift */,
				7D6DA81928E0716A00D88732 /* RWLockByBarrier.swift */,
				7D6DA81A28E0716A00D88732 /* RWLockBySemphore.swift */,
			);
			path = "读写锁";
			sourceTree = "<group>";
		};
/* End PBXGroup section */

/* Begin PBXNativeTarget section */
		7D6DA80828E0715200D88732 /* ThredLockInterviewQA */ = {
			isa = PBXNativeTarget;
			buildConfigurationList = 7D6DA81028E0715200D88732 /* Build configuration list for PBXNativeTarget "ThredLockInterviewQA" */;
			buildPhases = (
				7D6DA80528E0715200D88732 /* Sources */,
				7D6DA80628E0715200D88732 /* Frameworks */,
				7D6DA80728E0715200D88732 /* CopyFiles */,
			);
			buildRules = (
			);
			dependencies = (
			);
			name = ThredLockInterviewQA;
			productName = ThredLockInterviewQA;
			productReference = 7D6DA80928E0715200D88732 /* ThredLockInterviewQA */;
			productType = "com.apple.product-type.tool";
		};
/* End PBXNativeTarget section */

/* Begin PBXProject section */
		7D6DA80128E0715200D88732 /* Project object */ = {
			isa = PBXProject;
			attributes = {
				BuildIndependentTargetsInParallel = 1;
				LastSwiftUpdateCheck = 1400;
				LastUpgradeCheck = 1400;
				TargetAttributes = {
					7D6DA80828E0715200D88732 = {
						CreatedOnToolsVersion = 14.0;
					};
				};
			};
			buildConfigurationList = 7D6DA80428E0715200D88732 /* Build configuration list for PBXProject "ThredLockInterviewQA" */;
			compatibilityVersion = "Xcode 14.0";
			developmentRegion = en;
			hasScannedForEncodings = 0;
			knownRegions = (
				en,
				Base,
			);
			mainGroup = 7D6DA80028E0715200D88732;
			productRefGroup = 7D6DA80A28E0715200D88732 /* Products */;
			projectDirPath = "";
			projectRoot = "";
			targets = (
				7D6DA80828E0715200D88732 /* ThredLockInterviewQA */,
			);
		};
/* End PBXProject section */

/* Begin PBXSourcesBuildPhase section */
		7D6DA80528E0715200D88732 /* Sources */ = {
			isa = PBXSourcesBuildPhase;
			buildActionMask = 2147483647;
			files = (
				7D6DA82028E0716A00D88732 /* RWLockByTwoLocks.swift in Sources */,
				7D6DA82328E0716A00D88732 /* RWLockBySemphore.swift in Sources */,
				7D6DA82128E0716A00D88732 /* PublicStruct.swift in Sources */,
				7D6DA81E28E0716A00D88732 /* 3. 生产者消费者模型.swift in Sources */,
				7D6DA82228E0716A00D88732 /* RWLockByBarrier.swift in Sources */,
				7D6DA82428E0716A00D88732 /* 2. 启动三个线程A，B，C，打印10次 按照ABC的顺序输出.swift in Sources */,
				7D6DA82528E0716A00D88732 /* 4. GCD用法和区别.swift in Sources */,
				7D6DA80D28E0715200D88732 /* main.swift in Sources */,
				7D6DA81F28E0716A00D88732 /* RWLockByCond.swift in Sources */,
				7D6DA81D28E0716A00D88732 /* 1. 3个线程顺序打印0-100.swift in Sources */,
			);
			runOnlyForDeploymentPostprocessing = 0;
		};
/* End PBXSourcesBuildPhase section */

/* Begin XCBuildConfiguration section */
		7D6DA80E28E0715200D88732 /* Debug */ = {
			isa = XCBuildConfiguration;
			buildSettings = {
				ALWAYS_SEARCH_USER_PATHS = NO;
				CLANG_ANALYZER_NONNULL = YES;
				CLANG_ANALYZER_NUMBER_OBJECT_CONVERSION = YES_AGGRESSIVE;
				CLANG_CXX_LANGUAGE_STANDARD = "gnu++20";
				CLANG_ENABLE_MODULES = YES;
				CLANG_ENABLE_OBJC_ARC = YES;
				CLANG_ENABLE_OBJC_WEAK = YES;
				CLANG_WARN_BLOCK_CAPTURE_AUTORELEASING = YES;
				CLANG_WARN_BOOL_CONVERSION = YES;
				CLANG_WARN_COMMA = YES;
				CLANG_WARN_CONSTANT_CONVERSION = YES;
				CLANG_WARN_DEPRECATED_OBJC_IMPLEMENTATIONS = YES;
				CLANG_WARN_DIRECT_OBJC_ISA_USAGE = YES_ERROR;
				CLANG_WARN_DOCUMENTATION_COMMENTS = YES;
				CLANG_WARN_EMPTY_BODY = YES;
				CLANG_WARN_ENUM_CONVERSION = YES;
				CLANG_WARN_INFINITE_RECURSION = YES;
				CLANG_WARN_INT_CONVERSION = YES;
				CLANG_WARN_NON_LITERAL_NULL_CONVERSION = YES;
				CLANG_WARN_OBJC_IMPLICIT_RETAIN_SELF = YES;
				CLANG_WARN_OBJC_LITERAL_CONVERSION = YES;
				CLANG_WARN_OBJC_ROOT_CLASS = YES_ERROR;
				CLANG_WARN_QUOTED_INCLUDE_IN_FRAMEWORK_HEADER = YES;
				CLANG_WARN_RANGE_LOOP_ANALYSIS = YES;
				CLANG_WARN_STRICT_PROTOTYPES = YES;
				CLANG_WARN_SUSPICIOUS_MOVE = YES;
				CLANG_WARN_UNGUARDED_AVAILABILITY = YES_AGGRESSIVE;
				CLANG_WARN_UNREACHABLE_CODE = YES;
				CLANG_WARN__DUPLICATE_METHOD_MATCH = YES;
				COPY_PHASE_STRIP = NO;
				DEBUG_INFORMATION_FORMAT = dwarf;
				ENABLE_STRICT_OBJC_MSGSEND = YES;
				ENABLE_TESTABILITY = YES;
				GCC_C_LANGUAGE_STANDARD = gnu11;
				GCC_DYNAMIC_NO_PIC = NO;
				GCC_NO_COMMON_BLOCKS = YES;
				GCC_OPTIMIZATION_LEVEL = 0;
				GCC_PREPROCESSOR_DEFINITIONS = (
					"DEBUG=1",
					"$(inherited)",
				);
				GCC_WARN_64_TO_32_BIT_CONVERSION = YES;
				GCC_WARN_ABOUT_RETURN_TYPE = YES_ERROR;
				GCC_WARN_UNDECLARED_SELECTOR = YES;
				GCC_WARN_UNINITIALIZED_AUTOS = YES_AGGRESSIVE;
				GCC_WARN_UNUSED_FUNCTION = YES;
				GCC_WARN_UNUSED_VARIABLE = YES;
				MACOSX_DEPLOYMENT_TARGET = 12.3;
				MTL_ENABLE_DEBUG_INFO = INCLUDE_SOURCE;
				MTL_FAST_MATH = YES;
				ONLY_ACTIVE_ARCH = YES;
				SDKROOT = macosx;
				SWIFT_ACTIVE_COMPILATION_CONDITIONS = DEBUG;
				SWIFT_OPTIMIZATION_LEVEL = "-Onone";
			};
			name = Debug;
		};
		7D6DA80F28E0715200D88732 /* Release */ = {
			isa = XCBuildConfiguration;
			buildSettings = {
				ALWAYS_SEARCH_USER_PATHS = NO;
				CLANG_ANALYZER_NONNULL = YES;
				CLANG_ANALYZER_NUMBER_OBJECT_CONVERSION = YES_AGGRESSIVE;
				CLANG_CXX_LANGUAGE_STANDARD = "gnu++20";
				CLANG_ENABLE_MODULES = YES;
				CLANG_ENABLE_OBJC_ARC = YES;
				CLANG_ENABLE_OBJC_WEAK = YES;
				CLANG_WARN_BLOCK_CAPTURE_AUTORELEASING = YES;
				CLANG_WARN_BOOL_CONVERSION = YES;
				CLANG_WARN_COMMA = YES;
				CLANG_WARN_CONSTANT_CONVERSION = YES;
				CLANG_WARN_DEPRECATED_OBJC_IMPLEMENTATIONS = YES;
				CLANG_WARN_DIRECT_OBJC_ISA_USAGE = YES_ERROR;
				CLANG_WARN_DOCUMENTATION_COMMENTS = YES;
				CLANG_WARN_EMPTY_BODY = YES;
				CLANG_WARN_ENUM_CONVERSION = YES;
				CLANG_WARN_INFINITE_RECURSION = YES;
				CLANG_WARN_INT_CONVERSION = YES;
				CLANG_WARN_NON_LITERAL_NULL_CONVERSION = YES;
				CLANG_WARN_OBJC_IMPLICIT_RETAIN_SELF = YES;
				CLANG_WARN_OBJC_LITERAL_CONVERSION = YES;
				CLANG_WARN_OBJC_ROOT_CLASS = YES_ERROR;
				CLANG_WARN_QUOTED_INCLUDE_IN_FRAMEWORK_HEADER = YES;
				CLANG_WARN_RANGE_LOOP_ANALYSIS = YES;
				CLANG_WARN_STRICT_PROTOTYPES = YES;
				CLANG_WARN_SUSPICIOUS_MOVE = YES;
				CLANG_WARN_UNGUARDED_AVAILABILITY = YES_AGGRESSIVE;
				CLANG_WARN_UNREACHABLE_CODE = YES;
				CLANG_WARN__DUPLICATE_METHOD_MATCH = YES;
				COPY_PHASE_STRIP = NO;
				DEBUG_INFORMATION_FORMAT = "dwarf-with-dsym";
				ENABLE_NS_ASSERTIONS = NO;
				ENABLE_STRICT_OBJC_MSGSEND = YES;
				GCC_C_LANGUAGE_STANDARD = gnu11;
				GCC_NO_COMMON_BLOCKS = YES;
				GCC_WARN_64_TO_32_BIT_CONVERSION = YES;
				GCC_WARN_ABOUT_RETURN_TYPE = YES_ERROR;
				GCC_WARN_UNDECLARED_SELECTOR = YES;
				GCC_WARN_UNINITIALIZED_AUTOS = YES_AGGRESSIVE;
				GCC_WARN_UNUSED_FUNCTION = YES;
				GCC_WARN_UNUSED_VARIABLE = YES;
				MACOSX_DEPLOYMENT_TARGET = 12.3;
				MTL_ENABLE_DEBUG_INFO = NO;
				MTL_FAST_MATH = YES;
				SDKROOT = macosx;
				SWIFT_COMPILATION_MODE = wholemodule;
				SWIFT_OPTIMIZATION_LEVEL = "-O";
			};
			name = Release;
		};
		7D6DA81128E0715200D88732 /* Debug */ = {
			isa = XCBuildConfiguration;
			buildSettings = {
				CODE_SIGN_STYLE = Automatic;
				PRODUCT_NAME = "$(TARGET_NAME)";
				SWIFT_VERSION = 5.0;
			};
			name = Debug;
		};
		7D6DA81228E0715200D88732 /* Release */ = {
			isa = XCBuildConfiguration;
			buildSettings = {
				CODE_SIGN_STYLE = Automatic;
				PRODUCT_NAME = "$(TARGET_NAME)";
				SWIFT_VERSION = 5.0;
			};
			name = Release;
		};
/* End XCBuildConfiguration section */

/* Begin XCConfigurationList section */
		7D6DA80428E0715200D88732 /* Build configuration list for PBXProject "ThredLockInterviewQA" */ = {
			isa = XCConfigurationList;
			buildConfigurations = (
				7D6DA80E28E0715200D88732 /* Debug */,
				7D6DA80F28E0715200D88732 /* Release */,
			);
			defaultConfigurationIsVisible = 0;
			defaultConfigurationName = Release;
		};
		7D6DA81028E0715200D88732 /* Build configuration list for PBXNativeTarget "ThredLockInterviewQA" */ = {
			isa = XCConfigurationList;
			buildConfigurations = (
				7D6DA81128E0715200D88732 /* Debug */,
				7D6DA81228E0715200D88732 /* Release */,
			);
			defaultConfigurationIsVisible = 0;
			defaultConfigurationName = Release;
		};
/* End XCConfigurationList section */
	};
	rootObject = 7D6DA80128E0715200D88732 /* Project object */;
}
